
Microsoft Visual Studio Solution File, Format Version 12.00
# Visual Studio Version 17
VisualStudioVersion = 17.3.32929.385
MinimumVisualStudioVersion = 10.0.40219.1
Project("{FAE04EC0-301F-11D3-BF4B-00C04F79EFBC}") = "Final Project - Recipe Website", "Final Project - Recipe Website\Final Project - Recipe Website.csproj", "{98963362-FC1F-4795-B25C-A5DD58C7AD63}"
EndProject
Global
	GlobalSection(SolutionConfigurationPlatforms) = preSolution
		Debug|Any CPU = Debug|Any CPU
		Release|Any CPU = Release|Any CPU
	EndGlobalSection
	GlobalSection(ProjectConfigurationPlatforms) = postSolution
		{98963362-FC1F-4795-B25C-A5DD58C7AD63}.Debug|Any CPU.ActiveCfg = Debug|Any CPU
		{98963362-FC1F-4795-B25C-A5DD58C7AD63}.Debug|Any CPU.Build.0 = Debug|Any CPU
		{98963362-FC1F-4795-B25C-A5DD58C7AD63}.Release|Any CPU.ActiveCfg = Release|Any CPU
		{98963362-FC1F-4795-B25C-A5DD58C7AD63}.Release|Any CPU.Build.0 = Release|Any CPU
	EndGlobalSection
	GlobalSection(SolutionProperties) = preSolution
		HideSolutionNode = FALSE
	EndGlobalSection
	GlobalSection(ExtensibilityGlobals) = postSolution
		SolutionGuid = {32267117-AFF5-4B20-8DA2-9FCF374FC51D}
	EndGlobalSection
EndGlobal
